
Microsoft Visual Studio Solution File, Format Version 12.00
# Visual Studio 15
VisualStudioVersion = 15.0.28010.2036
MinimumVisualStudioVersion = 10.0.40219.1
Project("{FAE04EC0-301F-11D3-BF4B-00C04F79EFBC}") = "Characters Creation App", "Characters Creation App\Characters Creation App.csproj", "{DB9D4DF8-328C-4738-B76B-5DD832846A7F}"
EndProject
Project("{FAE04EC0-301F-11D3-BF4B-00C04F79EFBC}") = "Importer", "..\FileImporter\Importer.csproj", "{4965C5D4-6899-4A46-ACC4-B0C2DFCBB5BF}"
EndProject
Project("{FAE04EC0-301F-11D3-BF4B-00C04F79EFBC}") = "LogWriter", "..\LogWriter\LogWriter.csproj", "{74176C3B-374A-4ECA-8920-866E8AFD4DEA}"
EndProject
Global
	GlobalSection(SolutionConfigurationPlatforms) = preSolution
		Debug|Any CPU = Debug|Any CPU
		Release|Any CPU = Release|Any CPU
	EndGlobalSection
	GlobalSection(ProjectConfigurationPlatforms) = postSolution
		{DB9D4DF8-328C-4738-B76B-5DD832846A7F}.Debug|Any CPU.ActiveCfg = Debug|Any CPU
		{DB9D4DF8-328C-4738-B76B-5DD832846A7F}.Debug|Any CPU.Build.0 = Debug|Any CPU
		{DB9D4DF8-328C-4738-B76B-5DD832846A7F}.Release|Any CPU.ActiveCfg = Release|Any CPU
		{DB9D4DF8-328C-4738-B76B-5DD832846A7F}.Release|Any CPU.Build.0 = Release|Any CPU
		{4965C5D4-6899-4A46-ACC4-B0C2DFCBB5BF}.Debug|Any CPU.ActiveCfg = Debug|Any CPU
		{4965C5D4-6899-4A46-ACC4-B0C2DFCBB5BF}.Debug|Any CPU.Build.0 = Debug|Any CPU
		{4965C5D4-6899-4A46-ACC4-B0C2DFCBB5BF}.Release|Any CPU.ActiveCfg = Release|Any CPU
		{4965C5D4-6899-4A46-ACC4-B0C2DFCBB5BF}.Release|Any CPU.Build.0 = Release|Any CPU
		{74176C3B-374A-4ECA-8920-866E8AFD4DEA}.Debug|Any CPU.ActiveCfg = Debug|Any CPU
		{74176C3B-374A-4ECA-8920-866E8AFD4DEA}.Debug|Any CPU.Build.0 = Debug|Any CPU
		{74176C3B-374A-4ECA-8920-866E8AFD4DEA}.Release|Any CPU.ActiveCfg = Release|Any CPU
		{74176C3B-374A-4ECA-8920-866E8AFD4DEA}.Release|Any CPU.Build.0 = Release|Any CPU
	EndGlobalSection
	GlobalSection(SolutionProperties) = preSolution
		HideSolutionNode = FALSE
	EndGlobalSection
	GlobalSection(ExtensibilityGlobals) = postSolution
		SolutionGuid = {14EC5700-E9E1-4DA4-B016-04A69793AD7C}
	EndGlobalSection
EndGlobal
